{
  "name": "oxem",
  "version": "1.0.0",
  "lockfileVersion": 2,
  "requires": true,
  "packages": {
    "": {
      "name": "oxem",
      "version": "1.0.0",
      "license": "ISC",
      "dependencies": {
        "nouislider": "^14.7.0"
      }
    },
    "node_modules/nouislider": {
      "version": "14.7.0",
      "resolved": "https://registry.npmjs.org/nouislider/-/nouislider-14.7.0.tgz",
      "integrity": "sha512-4RtQ1+LHJKesDCNJrXkQcwXAWCrC2aggdLYMstS/G5fEWL+fXZbUA9pwVNHFghMGuFGRATlDLNInRaPeRKzpFQ=="
    }
  },
  "dependencies": {
    "nouislider": {
      "version": "14.7.0",
      "resolved": "https://registry.npmjs.org/nouislider/-/nouislider-14.7.0.tgz",
      "integrity": "sha512-4RtQ1+LHJKesDCNJrXkQcwXAWCrC2aggdLYMstS/G5fEWL+fXZbUA9pwVNHFghMGuFGRATlDLNInRaPeRKzpFQ=="
    }
  }
}
